
Microsoft Visual Studio Solution File, Format Version 12.00
# Visual Studio Version 17
VisualStudioVersion = 17.0.31903.59
MinimumVisualStudioVersion = 10.0.40219.1
Project("{2150E333-8FDC-42A3-9474-1A3956D46DE8}") = "src", "src", "{8E305E4B-EE30-49EE-9456-16D43570D336}"
EndProject
Project("{FAE04EC0-301F-11D3-BF4B-00C04F79EFBC}") = "BudgetForge.Domain", "src\BudgetForge.Domain\BudgetForge.Domain.csproj", "{D03F517A-6461-40BA-8FDF-8974DEFFF1D2}"
EndProject
Project("{FAE04EC0-301F-11D3-BF4B-00C04F79EFBC}") = "BudgetForge.Application", "src\BudgetForge.Application\BudgetForge.Application.csproj", "{3B1E4330-1581-4C9F-B7C4-02BF8DCE3A99}"
EndProject
Project("{FAE04EC0-301F-11D3-BF4B-00C04F79EFBC}") = "BudgetForge.Infrastructure", "src\BudgetForge.Infrastructure\BudgetForge.Infrastructure.csproj", "{14D89D70-4E3D-4215-866D-5146920BC1E7}"
EndProject
Project("{FAE04EC0-301F-11D3-BF4B-00C04F79EFBC}") = "BudgetForge.Api", "src\BudgetForge.Api\BudgetForge.Api.csproj", "{C36F0720-810E-41FB-B5B1-06ED5AF26B1F}"
EndProject
Global
	GlobalSection(SolutionConfigurationPlatforms) = preSolution
		Debug|Any CPU = Debug|Any CPU
		Release|Any CPU = Release|Any CPU
	EndGlobalSection
	GlobalSection(SolutionProperties) = preSolution
		HideSolutionNode = FALSE
	EndGlobalSection
	GlobalSection(ProjectConfigurationPlatforms) = postSolution
		{D03F517A-6461-40BA-8FDF-8974DEFFF1D2}.Debug|Any CPU.ActiveCfg = Debug|Any CPU
		{D03F517A-6461-40BA-8FDF-8974DEFFF1D2}.Debug|Any CPU.Build.0 = Debug|Any CPU
		{D03F517A-6461-40BA-8FDF-8974DEFFF1D2}.Release|Any CPU.ActiveCfg = Release|Any CPU
		{D03F517A-6461-40BA-8FDF-8974DEFFF1D2}.Release|Any CPU.Build.0 = Release|Any CPU
		{3B1E4330-1581-4C9F-B7C4-02BF8DCE3A99}.Debug|Any CPU.ActiveCfg = Debug|Any CPU
		{3B1E4330-1581-4C9F-B7C4-02BF8DCE3A99}.Debug|Any CPU.Build.0 = Debug|Any CPU
		{3B1E4330-1581-4C9F-B7C4-02BF8DCE3A99}.Release|Any CPU.ActiveCfg = Release|Any CPU
		{3B1E4330-1581-4C9F-B7C4-02BF8DCE3A99}.Release|Any CPU.Build.0 = Release|Any CPU
		{14D89D70-4E3D-4215-866D-5146920BC1E7}.Debug|Any CPU.ActiveCfg = Debug|Any CPU
		{14D89D70-4E3D-4215-866D-5146920BC1E7}.Debug|Any CPU.Build.0 = Debug|Any CPU
		{14D89D70-4E3D-4215-866D-5146920BC1E7}.Release|Any CPU.ActiveCfg = Release|Any CPU
		{14D89D70-4E3D-4215-866D-5146920BC1E7}.Release|Any CPU.Build.0 = Release|Any CPU
		{C36F0720-810E-41FB-B5B1-06ED5AF26B1F}.Debug|Any CPU.ActiveCfg = Debug|Any CPU
		{C36F0720-810E-41FB-B5B1-06ED5AF26B1F}.Debug|Any CPU.Build.0 = Debug|Any CPU
		{C36F0720-810E-41FB-B5B1-06ED5AF26B1F}.Release|Any CPU.ActiveCfg = Release|Any CPU
		{C36F0720-810E-41FB-B5B1-06ED5AF26B1F}.Release|Any CPU.Build.0 = Release|Any CPU
	EndGlobalSection
	GlobalSection(NestedProjects) = preSolution
		{D03F517A-6461-40BA-8FDF-8974DEFFF1D2} = {8E305E4B-EE30-49EE-9456-16D43570D336}
		{3B1E4330-1581-4C9F-B7C4-02BF8DCE3A99} = {8E305E4B-EE30-49EE-9456-16D43570D336}
		{14D89D70-4E3D-4215-866D-5146920BC1E7} = {8E305E4B-EE30-49EE-9456-16D43570D336}
		{C36F0720-810E-41FB-B5B1-06ED5AF26B1F} = {8E305E4B-EE30-49EE-9456-16D43570D336}
	EndGlobalSection
EndGlobal
